// !$*UTF8*$!
{
	archiveVersion = 1;
	classes = {
	};
	objectVersion = 48;
	objects = {

/* Begin PBXBuildFile section */
		1A1B28A52055708800E9C452 /* DetailViewController.m in Sources */ = {isa = PBXBuildFile; fileRef = 1A1B28A42055708800E9C452 /* DetailViewController.m */; };
		A70063A820530E67007B596B /* AddCountryViewController.m in Sources */ = {isa = PBXBuildFile; fileRef = A70063A720530E67007B596B /* AddCountryViewController.m */; };
		A7208B942046CACB0063F421 /* AppDelegate.m in Sources */ = {isa = PBXBuildFile; fileRef = A7208B932046CACB0063F421 /* AppDelegate.m */; };
		A7208B972046CACB0063F421 /* ViewController.m in Sources */ = {isa = PBXBuildFile; fileRef = A7208B962046CACB0063F421 /* ViewController.m */; };
		A7208B9A2046CACB0063F421 /* Main.storyboard in Resources */ = {isa = PBXBuildFile; fileRef = A7208B982046CACB0063F421 /* Main.storyboard */; };
		A7208B9C2046CACB0063F421 /* Assets.xcassets in Resources */ = {isa = PBXBuildFile; fileRef = A7208B9B2046CACB0063F421 /* Assets.xcassets */; };
		A7208B9F2046CACB0063F421 /* LaunchScreen.storyboard in Resources */ = {isa = PBXBuildFile; fileRef = A7208B9D2046CACB0063F421 /* LaunchScreen.storyboard */; };
		A7208BA22046CACB0063F421 /* main.m in Sources */ = {isa = PBXBuildFile; fileRef = A7208BA12046CACB0063F421 /* main.m */; };
		A7208BAC2046CACB0063F421 /* myappTests.m in Sources */ = {isa = PBXBuildFile; fileRef = A7208BAB2046CACB0063F421 /* myappTests.m */; };
		A7208BB72046CACB0063F421 /* myappUITests.m in Sources */ = {isa = PBXBuildFile; fileRef = A7208BB62046CACB0063F421 /* myappUITests.m */; };
		A7208BC82046E3110063F421 /* Logo_TV_2015.png in Resources */ = {isa = PBXBuildFile; fileRef = A7208BC72046E3110063F421 /* Logo_TV_2015.png */; };
		A734566F205956A6004B1E6F /* User.m in Sources */ = {isa = PBXBuildFile; fileRef = A734566D205956A6004B1E6F /* User.m */; };
		A75D40572050690400CDCD73 /* GenericTableViewCell.m in Sources */ = {isa = PBXBuildFile; fileRef = A75D40562050690400CDCD73 /* GenericTableViewCell.m */; };
		A7ECD738204821D700A7249B /* ListViewControler.m in Sources */ = {isa = PBXBuildFile; fileRef = A7ECD737204821D700A7249B /* ListViewControler.m */; };
		A7F05FD52049C9AE00D2D602 /* Generic.m in Sources */ = {isa = PBXBuildFile; fileRef = A7F05FD42049C9AE00D2D602 /* Generic.m */; };
		EC0D3F56527C1E7B99A13219 /* libPods-myapp.a in Frameworks */ = {isa = PBXBuildFile; fileRef = FD687A351DDD0F88DB730FE5 /* libPods-myapp.a */; };
/* End PBXBuildFile section */

/* Begin PBXContainerItemProxy section */
		A7208BA82046CACB0063F421 /* PBXContainerItemProxy */ = {
			isa = PBXContainerItemProxy;
			containerPortal = A7208B872046CACB0063F421 /* Project object */;
			proxyType = 1;
			remoteGlobalIDString = A7208B8E2046CACB0063F421;
			remoteInfo = myapp;
		};
		A7208BB32046CACB0063F421 /* PBXContainerItemProxy */ = {
			isa = PBXContainerItemProxy;
			containerPortal = A7208B872046CACB0063F421 /* Project object */;
			proxyType = 1;
			remoteGlobalIDString = A7208B8E2046CACB0063F421;
			remoteInfo = myapp;
		};
/* End PBXContainerItemProxy section */

/* Begin PBXFileReference section */
		0F91E330B40832AE7D80E011 /* Pods-myapp.debug.xcconfig */ = {isa = PBXFileReference; includeInIndex = 1; lastKnownFileType = text.xcconfig; name = "Pods-myapp.debug.xcconfig"; path = "Pods/Target Support Files/Pods-myapp/Pods-myapp.debug.xcconfig"; sourceTree = "<group>"; };
		1A1B28A32055708800E9C452 /* DetailViewController.h */ = {isa = PBXFileReference; lastKnownFileType = sourcecode.c.h; path = DetailViewController.h; sourceTree = "<group>"; };
		1A1B28A42055708800E9C452 /* DetailViewController.m */ = {isa = PBXFileReference; lastKnownFileType = sourcecode.c.objc; path = DetailViewController.m; sourceTree = "<group>"; };
		7599BC0DE3A86CBA848AB31B /* Pods-myapp.release.xcconfig */ = {isa = PBXFileReference; includeInIndex = 1; lastKnownFileType = text.xcconfig; name = "Pods-myapp.release.xcconfig"; path = "Pods/Target Support Files/Pods-myapp/Pods-myapp.release.xcconfig"; sourceTree = "<group>"; };
		A70063A620530E67007B596B /* AddCountryViewController.h */ = {isa = PBXFileReference; lastKnownFileType = sourcecode.c.h; path = AddCountryViewController.h; sourceTree = "<group>"; };
		A70063A720530E67007B596B /* AddCountryViewController.m */ = {isa = PBXFileReference; lastKnownFileType = sourcecode.c.objc; path = AddCountryViewController.m; sourceTree = "<group>"; };
		A7208B8F2046CACB0063F421 /* myapp.app */ = {isa = PBXFileReference; explicitFileType = wrapper.application; includeInIndex = 0; path = myapp.app; sourceTree = BUILT_PRODUCTS_DIR; };
		A7208B922046CACB0063F421 /* AppDelegate.h */ = {isa = PBXFileReference; lastKnownFileType = sourcecode.c.h; path = AppDelegate.h; sourceTree = "<group>"; };
		A7208B932046CACB0063F421 /* AppDelegate.m */ = {isa = PBXFileReference; lastKnownFileType = sourcecode.c.objc; path = AppDelegate.m; sourceTree = "<group>"; };
		A7208B952046CACB0063F421 /* ViewController.h */ = {isa = PBXFileReference; lastKnownFileType = sourcecode.c.h; path = ViewController.h; sourceTree = "<group>"; };
		A7208B962046CACB0063F421 /* ViewController.m */ = {isa = PBXFileReference; lastKnownFileType = sourcecode.c.objc; path = ViewController.m; sourceTree = "<group>"; };
		A7208B992046CACB0063F421 /* Base */ = {isa = PBXFileReference; lastKnownFileType = file.storyboard; name = Base; path = Base.lproj/Main.storyboard; sourceTree = "<group>"; };
		A7208B9B2046CACB0063F421 /* Assets.xcassets */ = {isa = PBXFileReference; lastKnownFileType = folder.assetcatalog; path = Assets.xcassets; sourceTree = "<group>"; };
		A7208B9E2046CACB0063F421 /* Base */ = {isa = PBXFileReference; lastKnownFileType = file.storyboard; name = Base; path = Base.lproj/LaunchScreen.storyboard; sourceTree = "<group>"; };
		A7208BA02046CACB0063F421 /* Info.plist */ = {isa = PBXFileReference; lastKnownFileType = text.plist.xml; path = Info.plist; sourceTree = "<group>"; };
		A7208BA12046CACB0063F421 /* main.m */ = {isa = PBXFileReference; lastKnownFileType = sourcecode.c.objc; path = main.m; sourceTree = "<group>"; };
		A7208BA72046CACB0063F421 /* myappTests.xctest */ = {isa = PBXFileReference; explicitFileType = wrapper.cfbundle; includeInIndex = 0; path = myappTests.xctest; sourceTree = BUILT_PRODUCTS_DIR; };
		A7208BAB2046CACB0063F421 /* myappTests.m */ = {isa = PBXFileReference; lastKnownFileType = sourcecode.c.objc; path = myappTests.m; sourceTree = "<group>"; };
		A7208BAD2046CACB0063F421 /* Info.plist */ = {isa = PBXFileReference; lastKnownFileType = text.plist.xml; path = Info.plist; sourceTree = "<group>"; };
		A7208BB22046CACB0063F421 /* myappUITests.xctest */ = {isa = PBXFileReference; explicitFileType = wrapper.cfbundle; includeInIndex = 0; path = myappUITests.xctest; sourceTree = BUILT_PRODUCTS_DIR; };
		A7208BB62046CACB0063F421 /* myappUITests.m */ = {isa = PBXFileReference; lastKnownFileType = sourcecode.c.objc; path = myappUITests.m; sourceTree = "<group>"; };
		A7208BB82046CACB0063F421 /* Info.plist */ = {isa = PBXFileReference; lastKnownFileType = text.plist.xml; path = Info.plist; sourceTree = "<group>"; };
		A7208BC72046E3110063F421 /* Logo_TV_2015.png */ = {isa = PBXFileReference; lastKnownFileType = image.png; path = Logo_TV_2015.png; sourceTree = "<group>"; };
		A734566D205956A6004B1E6F /* User.m */ = {isa = PBXFileReference; fileEncoding = 4; lastKnownFileType = sourcecode.c.objc; path = User.m; sourceTree = "<group>"; };
		A734566E205956A6004B1E6F /* User.h */ = {isa = PBXFileReference; fileEncoding = 4; lastKnownFileType = sourcecode.c.h; path = User.h; sourceTree = "<group>"; };
		A75D40552050298500CDCD73 /* GenericTableViewCell.h */ = {isa = PBXFileReference; lastKnownFileType = sourcecode.c.h; path = GenericTableViewCell.h; sourceTree = "<group>"; };
		A75D40562050690400CDCD73 /* GenericTableViewCell.m */ = {isa = PBXFileReference; lastKnownFileType = sourcecode.c.objc; path = GenericTableViewCell.m; sourceTree = "<group>"; };
		A7ECD736204821D700A7249B /* ListViewControler.h */ = {isa = PBXFileReference; lastKnownFileType = sourcecode.c.h; path = ListViewControler.h; sourceTree = "<group>"; };
		A7ECD737204821D700A7249B /* ListViewControler.m */ = {isa = PBXFileReference; lastKnownFileType = sourcecode.c.objc; path = ListViewControler.m; sourceTree = "<group>"; };
		A7F05FD32049C9AE00D2D602 /* Generic.h */ = {isa = PBXFileReference; lastKnownFileType = sourcecode.c.h; path = Generic.h; sourceTree = "<group>"; };
		A7F05FD42049C9AE00D2D602 /* Generic.m */ = {isa = PBXFileReference; lastKnownFileType = sourcecode.c.objc; path = Generic.m; sourceTree = "<group>"; };
		FD687A351DDD0F88DB730FE5 /* libPods-myapp.a */ = {isa = PBXFileReference; explicitFileType = archive.ar; includeInIndex = 0; path = "libPods-myapp.a"; sourceTree = BUILT_PRODUCTS_DIR; };
/* End PBXFileReference section */

/* Begin PBXFrameworksBuildPhase section */
		A7208B8C2046CACB0063F421 /* Frameworks */ = {
			isa = PBXFrameworksBuildPhase;
			buildActionMask = 2147483647;
			files = (
				EC0D3F56527C1E7B99A13219 /* libPods-myapp.a in Frameworks */,
			);
			runOnlyForDeploymentPostprocessing = 0;
		};
		A7208BA42046CACB0063F421 /* Frameworks */ = {
			isa = PBXFrameworksBuildPhase;
			buildActionMask = 2147483647;
			files = (
			);
			runOnlyForDeploymentPostprocessing = 0;
		};
		A7208BAF2046CACB0063F421 /* Frameworks */ = {
			isa = PBXFrameworksBuildPhase;
			buildActionMask = 2147483647;
			files = (
			);
			runOnlyForDeploymentPostprocessing = 0;
		};
/* End PBXFrameworksBuildPhase section */

/* Begin PBXGroup section */
		4235C53547CCC5C5A37D28A1 /* Frameworks */ = {
			isa = PBXGroup;
			children = (
				FD687A351DDD0F88DB730FE5 /* libPods-myapp.a */,
			);
			name = Frameworks;
			sourceTree = "<group>";
		};
		A7208B862046CACB0063F421 = {
			isa = PBXGroup;
			children = (
				A7208B912046CACB0063F421 /* myapp */,
				A7208BAA2046CACB0063F421 /* myappTests */,
				A7208BB52046CACB0063F421 /* myappUITests */,
				A7208B902046CACB0063F421 /* Products */,
				F582DFFA1812E4867D5C519B /* Pods */,
				4235C53547CCC5C5A37D28A1 /* Frameworks */,
			);
			sourceTree = "<group>";
		};
		A7208B902046CACB0063F421 /* Products */ = {
			isa = PBXGroup;
			children = (
				A7208B8F2046CACB0063F421 /* myapp.app */,
				A7208BA72046CACB0063F421 /* myappTests.xctest */,
				A7208BB22046CACB0063F421 /* myappUITests.xctest */,
			);
			name = Products;
			sourceTree = "<group>";
		};
		A7208B912046CACB0063F421 /* myapp */ = {
			isa = PBXGroup;
			children = (
				A75D40542050288700CDCD73 /* models */,
				A75D40532050283D00CDCD73 /* views */,
				A7208BC62046E2CD0063F421 /* Supporting Files */,
				A7208B922046CACB0063F421 /* AppDelegate.h */,
				A7208B932046CACB0063F421 /* AppDelegate.m */,
				A7208B982046CACB0063F421 /* Main.storyboard */,
				A7208B9B2046CACB0063F421 /* Assets.xcassets */,
				A7208B9D2046CACB0063F421 /* LaunchScreen.storyboard */,
				A7208BA02046CACB0063F421 /* Info.plist */,
				A7208BA12046CACB0063F421 /* main.m */,
			);
			path = myapp;
			sourceTree = "<group>";
		};
		A7208BAA2046CACB0063F421 /* myappTests */ = {
			isa = PBXGroup;
			children = (
				A7208BAB2046CACB0063F421 /* myappTests.m */,
				A7208BAD2046CACB0063F421 /* Info.plist */,
			);
			path = myappTests;
			sourceTree = "<group>";
		};
		A7208BB52046CACB0063F421 /* myappUITests */ = {
			isa = PBXGroup;
			children = (
				A7208BB62046CACB0063F421 /* myappUITests.m */,
				A7208BB82046CACB0063F421 /* Info.plist */,
			);
			path = myappUITests;
			sourceTree = "<group>";
		};
		A7208BC62046E2CD0063F421 /* Supporting Files */ = {
			isa = PBXGroup;
			children = (
				A7208BC72046E3110063F421 /* Logo_TV_2015.png */,
			);
			path = "Supporting Files";
			sourceTree = "<group>";
		};
		A75D40532050283D00CDCD73 /* views */ = {
			isa = PBXGroup;
			children = (
				A7208B952046CACB0063F421 /* ViewController.h */,
				A7208B962046CACB0063F421 /* ViewController.m */,
				A7ECD736204821D700A7249B /* ListViewControler.h */,
				A7ECD737204821D700A7249B /* ListViewControler.m */,
				A75D40552050298500CDCD73 /* GenericTableViewCell.h */,
				A75D40562050690400CDCD73 /* GenericTableViewCell.m */,
				A70063A620530E67007B596B /* AddCountryViewController.h */,
				A70063A720530E67007B596B /* AddCountryViewController.m */,
				1A1B28A32055708800E9C452 /* DetailViewController.h */,
				1A1B28A42055708800E9C452 /* DetailViewController.m */,
			);
			path = views;
			sourceTree = "<group>";
		};
		A75D40542050288700CDCD73 /* models */ = {
			isa = PBXGroup;
			children = (
				A734566E205956A6004B1E6F /* User.h */,
				A734566D205956A6004B1E6F /* User.m */,
				A7F05FD32049C9AE00D2D602 /* Generic.h */,
				A7F05FD42049C9AE00D2D602 /* Generic.m */,
			);
			path = models;
			sourceTree = "<group>";
		};
		F582DFFA1812E4867D5C519B /* Pods */ = {
			isa = PBXGroup;
			children = (
				0F91E330B40832AE7D80E011 /* Pods-myapp.debug.xcconfig */,
				7599BC0DE3A86CBA848AB31B /* Pods-myapp.release.xcconfig */,
			);
			name = Pods;
			sourceTree = "<group>";
		};
/* End PBXGroup section */

/* Begin PBXNativeTarget section */
		A7208B8E2046CACB0063F421 /* myapp */ = {
			isa = PBXNativeTarget;
			buildConfigurationList = A7208BBB2046CACB0063F421 /* Build configuration list for PBXNativeTarget "myapp" */;
			buildPhases = (
				D23F2B99327B3F7E843939C8 /* [CP] Check Pods Manifest.lock */,
				A7208B8B2046CACB0063F421 /* Sources */,
				A7208B8C2046CACB0063F421 /* Frameworks */,
				A7208B8D2046CACB0063F421 /* Resources */,
				120AFCBD166F9DC3419AF890 /* [CP] Embed Pods Frameworks */,
				A885BF434C88DA9344E6E20C /* [CP] Copy Pods Resources */,
			);
			buildRules = (
			);
			dependencies = (
			);
			name = myapp;
			productName = myapp;
			productReference = A7208B8F2046CACB0063F421 /* myapp.app */;
			productType = "com.apple.product-type.application";
		};
		A7208BA62046CACB0063F421 /* myappTests */ = {
			isa = PBXNativeTarget;
			buildConfigurationList = A7208BBE2046CACB0063F421 /* Build configuration list for PBXNativeTarget "myappTests" */;
			buildPhases = (
				A7208BA32046CACB0063F421 /* Sources */,
				A7208BA42046CACB0063F421 /* Frameworks */,
				A7208BA52046CACB0063F421 /* Resources */,
			);
			buildRules = (
			);
			dependencies = (
				A7208BA92046CACB0063F421 /* PBXTargetDependency */,
			);
			name = myappTests;
			productName = myappTests;
			productReference = A7208BA72046CACB0063F421 /* myappTests.xctest */;
			productType = "com.apple.product-type.bundle.unit-test";
		};
		A7208BB12046CACB0063F421 /* myappUITests */ = {
			isa = PBXNativeTarget;
			buildConfigurationList = A7208BC12046CACB0063F421 /* Build configuration list for PBXNativeTarget "myappUITests" */;
			buildPhases = (
				A7208BAE2046CACB0063F421 /* Sources */,
				A7208BAF2046CACB0063F421 /* Frameworks */,
				A7208BB02046CACB0063F421 /* Resources */,
			);
			buildRules = (
			);
			dependencies = (
				A7208BB42046CACB0063F421 /* PBXTargetDependency */,
			);
			name = myappUITests;
			productName = myappUITests;
			productReference = A7208BB22046CACB0063F421 /* myappUITests.xctest */;
			productType = "com.apple.product-type.bundle.ui-testing";
		};
/* End PBXNativeTarget section */

/* Begin PBXProject section */
		A7208B872046CACB0063F421 /* Project object */ = {
			isa = PBXProject;
			attributes = {
				LastUpgradeCheck = 0920;
				ORGANIZATIONNAME = Zuppers;
				TargetAttributes = {
					A7208B8E2046CACB0063F421 = {
						CreatedOnToolsVersion = 9.2;
						ProvisioningStyle = Automatic;
					};
					A7208BA62046CACB0063F421 = {
						CreatedOnToolsVersion = 9.2;
						ProvisioningStyle = Automatic;
						TestTargetID = A7208B8E2046CACB0063F421;
					};
					A7208BB12046CACB0063F421 = {
						CreatedOnToolsVersion = 9.2;
						ProvisioningStyle = Automatic;
						TestTargetID = A7208B8E2046CACB0063F421;
					};
				};
			};
			buildConfigurationList = A7208B8A2046CACB0063F421 /* Build configuration list for PBXProject "myapp" */;
			compatibilityVersion = "Xcode 8.0";
			developmentRegion = en;
			hasScannedForEncodings = 0;
			knownRegions = (
				en,
				Base,
			);
			mainGroup = A7208B862046CACB0063F421;
			productRefGroup = A7208B902046CACB0063F421 /* Products */;
			projectDirPath = "";
			projectRoot = "";
			targets = (
				A7208B8E2046CACB0063F421 /* myapp */,
				A7208BA62046CACB0063F421 /* myappTests */,
				A7208BB12046CACB0063F421 /* myappUITests */,
			);
		};
/* End PBXProject section */

/* Begin PBXResourcesBuildPhase section */
		A7208B8D2046CACB0063F421 /* Resources */ = {
			isa = PBXResourcesBuildPhase;
			buildActionMask = 2147483647;
			files = (
				A7208BC82046E3110063F421 /* Logo_TV_2015.png in Resources */,
				A7208B9F2046CACB0063F421 /* LaunchScreen.storyboard in Resources */,
				A7208B9C2046CACB0063F421 /* Assets.xcassets in Resources */,
				A7208B9A2046CACB0063F421 /* Main.storyboard in Resources */,
			);
			runOnlyForDeploymentPostprocessing = 0;
		};
		A7208BA52046CACB0063F421 /* Resources */ = {
			isa = PBXResourcesBuildPhase;
			buildActionMask = 2147483647;
			files = (
			);
			runOnlyForDeploymentPostprocessing = 0;
		};
		A7208BB02046CACB0063F421 /* Resources */ = {
			isa = PBXResourcesBuildPhase;
			buildActionMask = 2147483647;
			files = (
			);
			runOnlyForDeploymentPostprocessing = 0;
		};
/* End PBXResourcesBuildPhase section */

/* Begin PBXShellScriptBuildPhase section */
		120AFCBD166F9DC3419AF890 /* [CP] Embed Pods Frameworks */ = {
			isa = PBXShellScriptBuildPhase;
			buildActionMask = 2147483647;
			files = (
			);
			inputPaths = (
			);
			name = "[CP] Embed Pods Frameworks";
			outputPaths = (
			);
			runOnlyForDeploymentPostprocessing = 0;
			shellPath = /bin/sh;
			shellScript = "\"${SRCROOT}/Pods/Target Support Files/Pods-myapp/Pods-myapp-frameworks.sh\"\n";
			showEnvVarsInLog = 0;
		};
		A885BF434C88DA9344E6E20C /* [CP] Copy Pods Resources */ = {
			isa = PBXShellScriptBuildPhase;
			buildActionMask = 2147483647;
			files = (
			);
			inputPaths = (
			);
			name = "[CP] Copy Pods Resources";
			outputPaths = (
			);
			runOnlyForDeploymentPostprocessing = 0;
			shellPath = /bin/sh;
			shellScript = "\"${SRCROOT}/Pods/Target Support Files/Pods-myapp/Pods-myapp-resources.sh\"\n";
			showEnvVarsInLog = 0;
		};
		D23F2B99327B3F7E843939C8 /* [CP] Check Pods Manifest.lock */ = {
			isa = PBXShellScriptBuildPhase;
			buildActionMask = 2147483647;
			files = (
			);
			inputPaths = (
				"${PODS_PODFILE_DIR_PATH}/Podfile.lock",
				"${PODS_ROOT}/Manifest.lock",
			);
			name = "[CP] Check Pods Manifest.lock";
			outputPaths = (
				"$(DERIVED_FILE_DIR)/Pods-myapp-checkManifestLockResult.txt",
			);
			runOnlyForDeploymentPostprocessing = 0;
			shellPath = /bin/sh;
			shellScript = "diff \"${PODS_PODFILE_DIR_PATH}/Podfile.lock\" \"${PODS_ROOT}/Manifest.lock\" > /dev/null\nif [ $? != 0 ] ; then\n    # print error to STDERR\n    echo \"error: The sandbox is not in sync with the Podfile.lock. Run 'pod install' or update your CocoaPods installation.\" >&2\n    exit 1\nfi\n# This output is used by Xcode 'outputs' to avoid re-running this script phase.\necho \"SUCCESS\" > \"${SCRIPT_OUTPUT_FILE_0}\"\n";
			showEnvVarsInLog = 0;
		};
/* End PBXShellScriptBuildPhase section */

/* Begin PBXSourcesBuildPhase section */
		A7208B8B2046CACB0063F421 /* Sources */ = {
			isa = PBXSourcesBuildPhase;
			buildActionMask = 2147483647;
			files = (
				A7208B972046CACB0063F421 /* ViewController.m in Sources */,
				A75D40572050690400CDCD73 /* GenericTableViewCell.m in Sources */,
				A734566F205956A6004B1E6F /* User.m in Sources */,
				A7F05FD52049C9AE00D2D602 /* Generic.m in Sources */,
				1A1B28A52055708800E9C452 /* DetailViewController.m in Sources */,
				A7ECD738204821D700A7249B /* ListViewControler.m in Sources */,
				A70063A820530E67007B596B /* AddCountryViewController.m in Sources */,
				A7208BA22046CACB0063F421 /* main.m in Sources */,
				A7208B942046CACB0063F421 /* AppDelegate.m in Sources */,
			);
			runOnlyForDeploymentPostprocessing = 0;
		};
		A7208BA32046CACB0063F421 /* Sources */ = {
			isa = PBXSourcesBuildPhase;
			buildActionMask = 2147483647;
			files = (
				A7208BAC2046CACB0063F421 /* myappTests.m in Sources */,
			);
			runOnlyForDeploymentPostprocessing = 0;
		};
		A7208BAE2046CACB0063F421 /* Sources */ = {
			isa = PBXSourcesBuildPhase;
			buildActionMask = 2147483647;
			files = (
				A7208BB72046CACB0063F421 /* myappUITests.m in Sources */,
			);
			runOnlyForDeploymentPostprocessing = 0;
		};
/* End PBXSourcesBuildPhase section */

/* Begin PBXTargetDependency section */
		A7208BA92046CACB0063F421 /* PBXTargetDependency */ = {
			isa = PBXTargetDependency;
			target = A7208B8E2046CACB0063F421 /* myapp */;
			targetProxy = A7208BA82046CACB0063F421 /* PBXContainerItemProxy */;
		};
		A7208BB42046CACB0063F421 /* PBXTargetDependency */ = {
			isa = PBXTargetDependency;
			target = A7208B8E2046CACB0063F421 /* myapp */;
			targetProxy = A7208BB32046CACB0063F421 /* PBXContainerItemProxy */;
		};
/* End PBXTargetDependency section */

/* Begin PBXVariantGroup section */
		A7208B982046CACB0063F421 /* Main.storyboard */ = {
			isa = PBXVariantGroup;
			children = (
				A7208B992046CACB0063F421 /* Base */,
			);
			name = Main.storyboard;
			sourceTree = "<group>";
		};
		A7208B9D2046CACB0063F421 /* LaunchScreen.storyboard */ = {
			isa = PBXVariantGroup;
			children = (
				A7208B9E2046CACB0063F421 /* Base */,
			);
			name = LaunchScreen.storyboard;
			sourceTree = "<group>";
		};
/* End PBXVariantGroup section */

/* Begin XCBuildConfiguration section */
		A7208BB92046CACB0063F421 /* Debug */ = {
			isa = XCBuildConfiguration;
			buildSettings = {
				ALWAYS_SEARCH_USER_PATHS = NO;
				CLANG_ANALYZER_NONNULL = YES;
				CLANG_ANALYZER_NUMBER_OBJECT_CONVERSION = YES_AGGRESSIVE;
				CLANG_CXX_LANGUAGE_STANDARD = "gnu++14";
				CLANG_CXX_LIBRARY = "libc++";
				CLANG_ENABLE_MODULES = YES;
				CLANG_ENABLE_OBJC_ARC = YES;
				CLANG_WARN_BLOCK_CAPTURE_AUTORELEASING = YES;
				CLANG_WARN_BOOL_CONVERSION = YES;
				CLANG_WARN_COMMA = YES;
				CLANG_WARN_CONSTANT_CONVERSION = YES;
				CLANG_WARN_DIRECT_OBJC_ISA_USAGE = YES_ERROR;
				CLANG_WARN_DOCUMENTATION_COMMENTS = YES;
				CLANG_WARN_EMPTY_BODY = YES;
				CLANG_WARN_ENUM_CONVERSION = YES;
				CLANG_WARN_INFINITE_RECURSION = YES;
				CLANG_WARN_INT_CONVERSION = YES;
				CLANG_WARN_NON_LITERAL_NULL_CONVERSION = YES;
				CLANG_WARN_OBJC_LITERAL_CONVERSION = YES;
				CLANG_WARN_OBJC_ROOT_CLASS = YES_ERROR;
				CLANG_WARN_RANGE_LOOP_ANALYSIS = YES;
				CLANG_WARN_STRICT_PROTOTYPES = YES;
				CLANG_WARN_SUSPICIOUS_MOVE = YES;
				CLANG_WARN_UNGUARDED_AVAILABILITY = YES_AGGRESSIVE;
				CLANG_WARN_UNREACHABLE_CODE = YES;
				CLANG_WARN__DUPLICATE_METHOD_MATCH = YES;
				CODE_SIGN_IDENTITY = "iPhone Developer";
				COPY_PHASE_STRIP = NO;
				DEBUG_INFORMATION_FORMAT = dwarf;
				ENABLE_STRICT_OBJC_MSGSEND = YES;
				ENABLE_TESTABILITY = YES;
				GCC_C_LANGUAGE_STANDARD = gnu11;
				GCC_DYNAMIC_NO_PIC = NO;
				GCC_NO_COMMON_BLOCKS = YES;
				GCC_OPTIMIZATION_LEVEL = 0;
				GCC_PREPROCESSOR_DEFINITIONS = (
					"DEBUG=1",
					"$(inherited)",
				);
				GCC_WARN_64_TO_32_BIT_CONVERSION = YES;
				GCC_WARN_ABOUT_RETURN_TYPE = YES_ERROR;
				GCC_WARN_UNDECLARED_SELECTOR = YES;
				GCC_WARN_UNINITIALIZED_AUTOS = YES_AGGRESSIVE;
				GCC_WARN_UNUSED_FUNCTION = YES;
				GCC_WARN_UNUSED_VARIABLE = YES;
				IPHONEOS_DEPLOYMENT_TARGET = 11.2;
				MTL_ENABLE_DEBUG_INFO = YES;
				ONLY_ACTIVE_ARCH = YES;
				SDKROOT = iphoneos;
			};
			name = Debug;
		};
		A7208BBA2046CACB0063F421 /* Release */ = {
			isa = XCBuildConfiguration;
			buildSettings = {
				ALWAYS_SEARCH_USER_PATHS = NO;
				CLANG_ANALYZER_NONNULL = YES;
				CLANG_ANALYZER_NUMBER_OBJECT_CONVERSION = YES_AGGRESSIVE;
				CLANG_CXX_LANGUAGE_STANDARD = "gnu++14";
				CLANG_CXX_LIBRARY = "libc++";
				CLANG_ENABLE_MODULES = YES;
				CLANG_ENABLE_OBJC_ARC = YES;
				CLANG_WARN_BLOCK_CAPTURE_AUTORELEASING = YES;
				CLANG_WARN_BOOL_CONVERSION = YES;
				CLANG_WARN_COMMA = YES;
				CLANG_WARN_CONSTANT_CONVERSION = YES;
				CLANG_WARN_DIRECT_OBJC_ISA_USAGE = YES_ERROR;
				CLANG_WARN_DOCUMENTATION_COMMENTS = YES;
				CLANG_WARN_EMPTY_BODY = YES;
				CLANG_WARN_ENUM_CONVERSION = YES;
				CLANG_WARN_INFINITE_RECURSION = YES;
				CLANG_WARN_INT_CONVERSION = YES;
				CLANG_WARN_NON_LITERAL_NULL_CONVERSION = YES;
				CLANG_WARN_OBJC_LITERAL_CONVERSION = YES;
				CLANG_WARN_OBJC_ROOT_CLASS = YES_ERROR;
				CLANG_WARN_RANGE_LOOP_ANALYSIS = YES;
				CLANG_WARN_STRICT_PROTOTYPES = YES;
				CLANG_WARN_SUSPICIOUS_MOVE = YES;
				CLANG_WARN_UNGUARDED_AVAILABILITY = YES_AGGRESSIVE;
				CLANG_WARN_UNREACHABLE_CODE = YES;
				CLANG_WARN__DUPLICATE_METHOD_MATCH = YES;
				CODE_SIGN_IDENTITY = "iPhone Developer";
				COPY_PHASE_STRIP = NO;
				DEBUG_INFORMATION_FORMAT = "dwarf-with-dsym";
				ENABLE_NS_ASSERTIONS = NO;
				ENABLE_STRICT_OBJC_MSGSEND = YES;
				GCC_C_LANGUAGE_STANDARD = gnu11;
				GCC_NO_COMMON_BLOCKS = YES;
				GCC_WARN_64_TO_32_BIT_CONVERSION = YES;
				GCC_WARN_ABOUT_RETURN_TYPE = YES_ERROR;
				GCC_WARN_UNDECLARED_SELECTOR = YES;
				GCC_WARN_UNINITIALIZED_AUTOS = YES_AGGRESSIVE;
				GCC_WARN_UNUSED_FUNCTION = YES;
				GCC_WARN_UNUSED_VARIABLE = YES;
				IPHONEOS_DEPLOYMENT_TARGET = 11.2;
				MTL_ENABLE_DEBUG_INFO = NO;
				SDKROOT = iphoneos;
				VALIDATE_PRODUCT = YES;
			};
			name = Release;
		};
		A7208BBC2046CACB0063F421 /* Debug */ = {
			isa = XCBuildConfiguration;
			baseConfigurationReference = 0F91E330B40832AE7D80E011 /* Pods-myapp.debug.xcconfig */;
			buildSettings = {
				ASSETCATALOG_COMPILER_APPICON_NAME = AppIcon;
				CODE_SIGN_STYLE = Automatic;
				INFOPLIST_FILE = myapp/Info.plist;
				LD_RUNPATH_SEARCH_PATHS = "$(inherited) @executable_path/Frameworks";
				PRODUCT_BUNDLE_IDENTIFIER = learniosobjective.myapp;
				PRODUCT_NAME = "$(TARGET_NAME)";
				TARGETED_DEVICE_FAMILY = "1,2";
			};
			name = Debug;
		};
		A7208BBD2046CACB0063F421 /* Release */ = {
			isa = XCBuildConfiguration;
			baseConfigurationReference = 7599BC0DE3A86CBA848AB31B /* Pods-myapp.release.xcconfig */;
			buildSettings = {
				ASSETCATALOG_COMPILER_APPICON_NAME = AppIcon;
				CODE_SIGN_STYLE = Automatic;
				INFOPLIST_FILE = myapp/Info.plist;
				LD_RUNPATH_SEARCH_PATHS = "$(inherited) @executable_path/Frameworks";
				PRODUCT_BUNDLE_IDENTIFIER = learniosobjective.myapp;
				PRODUCT_NAME = "$(TARGET_NAME)";
				TARGETED_DEVICE_FAMILY = "1,2";
			};
			name = Release;
		};
		A7208BBF2046CACB0063F421 /* Debug */ = {
			isa = XCBuildConfiguration;
			buildSettings = {
				BUNDLE_LOADER = "$(TEST_HOST)";
				CODE_SIGN_STYLE = Automatic;
				INFOPLIST_FILE = myappTests/Info.plist;
				LD_RUNPATH_SEARCH_PATHS = "$(inherited) @executable_path/Frameworks @loader_path/Frameworks";
				PRODUCT_BUNDLE_IDENTIFIER = learniosobjective.myappTests;
				PRODUCT_NAME = "$(TARGET_NAME)";
				TARGETED_DEVICE_FAMILY = "1,2";
				TEST_HOST = "$(BUILT_PRODUCTS_DIR)/myapp.app/myapp";
			};
			name = Debug;
		};
		A7208BC02046CACB0063F421 /* Release */ = {
			isa = XCBuildConfiguration;
			buildSettings = {
				BUNDLE_LOADER = "$(TEST_HOST)";
				CODE_SIGN_STYLE = Automatic;
				INFOPLIST_FILE = myappTests/Info.plist;
				LD_RUNPATH_SEARCH_PATHS = "$(inherited) @executable_path/Frameworks @loader_path/Frameworks";
				PRODUCT_BUNDLE_IDENTIFIER = learniosobjective.myappTests;
				PRODUCT_NAME = "$(TARGET_NAME)";
				TARGETED_DEVICE_FAMILY = "1,2";
				TEST_HOST = "$(BUILT_PRODUCTS_DIR)/myapp.app/myapp";
			};
			name = Release;
		};
		A7208BC22046CACB0063F421 /* Debug */ = {
			isa = XCBuildConfiguration;
			buildSettings = {
				CODE_SIGN_STYLE = Automatic;
				INFOPLIST_FILE = myappUITests/Info.plist;
				LD_RUNPATH_SEARCH_PATHS = "$(inherited) @executable_path/Frameworks @loader_path/Frameworks";
				PRODUCT_BUNDLE_IDENTIFIER = learniosobjective.myappUITests;
				PRODUCT_NAME = "$(TARGET_NAME)";
				TARGETED_DEVICE_FAMILY = "1,2";
				TEST_TARGET_NAME = myapp;
			};
			name = Debug;
		};
		A7208BC32046CACB0063F421 /* Release */ = {
			isa = XCBuildConfiguration;
			buildSettings = {
				CODE_SIGN_STYLE = Automatic;
				INFOPLIST_FILE = myappUITests/Info.plist;
				LD_RUNPATH_SEARCH_PATHS = "$(inherited) @executable_path/Frameworks @loader_path/Frameworks";
				PRODUCT_BUNDLE_IDENTIFIER = learniosobjective.myappUITests;
				PRODUCT_NAME = "$(TARGET_NAME)";
				TARGETED_DEVICE_FAMILY = "1,2";
				TEST_TARGET_NAME = myapp;
			};
			name = Release;
		};
/* End XCBuildConfiguration section */

/* Begin XCConfigurationList section */
		A7208B8A2046CACB0063F421 /* Build configuration list for PBXProject "myapp" */ = {
			isa = XCConfigurationList;
			buildConfigurations = (
				A7208BB92046CACB0063F421 /* Debug */,
				A7208BBA2046CACB0063F421 /* Release */,
			);
			defaultConfigurationIsVisible = 0;
			defaultConfigurationName = Release;
		};
		A7208BBB2046CACB0063F421 /* Build configuration list for PBXNativeTarget "myapp" */ = {
			isa = XCConfigurationList;
			buildConfigurations = (
				A7208BBC2046CACB0063F421 /* Debug */,
				A7208BBD2046CACB0063F421 /* Release */,
			);
			defaultConfigurationIsVisible = 0;
			defaultConfigurationName = Release;
		};
		A7208BBE2046CACB0063F421 /* Build configuration list for PBXNativeTarget "myappTests" */ = {
			isa = XCConfigurationList;
			buildConfigurations = (
				A7208BBF2046CACB0063F421 /* Debug */,
				A7208BC02046CACB0063F421 /* Release */,
			);
			defaultConfigurationIsVisible = 0;
			defaultConfigurationName = Release;
		};
		A7208BC12046CACB0063F421 /* Build configuration list for PBXNativeTarget "myappUITests" */ = {
			isa = XCConfigurationList;
			buildConfigurations = (
				A7208BC22046CACB0063F421 /* Debug */,
				A7208BC32046CACB0063F421 /* Release */,
			);
			defaultConfigurationIsVisible = 0;
			defaultConfigurationName = Release;
		};
/* End XCConfigurationList section */
	};
	rootObject = A7208B872046CACB0063F421 /* Project object */;
}
